{
  "name": "example-counter",
  "version": "0.1.0",
  "lockfileVersion": 1,
  "requires": true,
  "dependencies": {
    "podeem": {
      "version": "0.0.2",
      "resolved": "https://npmjs.dev.clickncode.com/podeem/-/podeem-0.0.2.tgz",
      "integrity": "sha512-3l14DR2aquFBO4GRKSchmsROLtQxDxMh7c9iForM3lrnyKo06fnzqzVEEnbuh7I5y5xe8D+7Wmi/ERlG1ILD1A=="
    }
  }
}
